
Microsoft Visual Studio Solution File, Format Version 12.00
Project("{FAE04EC0-301F-11D3-BF4B-00C04F79EFBC}") = "BaseFaq.Faq.Common.Persistence.FaqDb", "dotnet\BaseFaq.Faq.Common.Persistence.FaqDb\BaseFaq.Faq.Common.Persistence.FaqDb.csproj", "{02B192E6-26BF-4FAA-888B-B3ADBDD32E19}"
EndProject
Project("{2150E333-8FDC-42A3-9474-1A3956D46DE8}") = "Faq", "Faq", "{3CB44992-3CBF-4A43-9BAF-4EEA3BE6F769}"
EndProject
Project("{2150E333-8FDC-42A3-9474-1A3956D46DE8}") = "Persistence", "Persistence", "{FA22D355-D849-47BD-8698-4A822738F45B}"
EndProject
Project("{2150E333-8FDC-42A3-9474-1A3956D46DE8}") = "Models", "Models", "{CB8DB1C8-8F5C-474E-91A9-AF7BEAA0151F}"
EndProject
Project("{FAE04EC0-301F-11D3-BF4B-00C04F79EFBC}") = "BaseFaq.Models.Faq", "dotnet\BaseFaq.Models.Faq\BaseFaq.Models.Faq.csproj", "{CB1F3C67-F617-424C-8A6C-76C82CC6BB8A}"
EndProject
Project("{2150E333-8FDC-42A3-9474-1A3956D46DE8}") = "Common", "Common", "{0C61B2DC-6085-4E71-B9F6-99E535BEC747}"
EndProject
Project("{2150E333-8FDC-42A3-9474-1A3956D46DE8}") = "EntityFramework", "EntityFramework", "{04A42ECF-5484-4839-9E18-CCAA7E75EFC7}"
EndProject
Project("{2150E333-8FDC-42A3-9474-1A3956D46DE8}") = "Core", "Core", "{3A22B1BD-A3CB-4C89-A054-8251A4F3A1B1}"
EndProject
Project("{FAE04EC0-301F-11D3-BF4B-00C04F79EFBC}") = "BaseFaq.Common.EntityFramework.Core", "dotnet\BaseFaq.Common.EntityFramework.Core\BaseFaq.Common.EntityFramework.Core.csproj", "{FA34DCEC-30D1-4136-B323-7409B58BE78D}"
EndProject
Project("{2150E333-8FDC-42A3-9474-1A3956D46DE8}") = "Solution Items", "Solution Items", "{1074D984-8543-46F5-862B-C0E88701CBFE}"
	ProjectSection(SolutionItems) = preProject
		README.md = README.md
		PROJECT_RULES.md = PROJECT_RULES.md
		global.json = global.json
		docker.sh = docker.sh
		docker.ps1 = docker.ps1
		docker-base.sh = docker-base.sh
		docker-base.ps1 = docker-base.ps1
	EndProjectSection
EndProject
Project("{2150E333-8FDC-42A3-9474-1A3956D46DE8}") = "Infrastructure", "Infrastructure", "{87130428-904D-44AB-82A8-9341EA677BAB}"
EndProject
Project("{2150E333-8FDC-42A3-9474-1A3956D46DE8}") = "Swagger", "Swagger", "{7C3C13D7-83B8-4951-B483-A0B3CE1109F0}"
EndProject
Project("{FAE04EC0-301F-11D3-BF4B-00C04F79EFBC}") = "BaseFaq.Common.Infrastructure.Swagger", "dotnet\BaseFaq.Common.Infrastructure.Swagger\BaseFaq.Common.Infrastructure.Swagger.csproj", "{22C56158-F5BC-4B3D-9F96-A8A9F356E333}"
EndProject
Project("{2150E333-8FDC-42A3-9474-1A3956D46DE8}") = "Core", "Core", "{4B3E4E23-38E5-460E-9399-10791DA56CFF}"
EndProject
Project("{FAE04EC0-301F-11D3-BF4B-00C04F79EFBC}") = "BaseFaq.Common.Infrastructure.Core", "dotnet\BaseFaq.Common.Infrastructure.Core\BaseFaq.Common.Infrastructure.Core.csproj", "{C6947616-4BC9-4405-9044-BA959C52B978}"
EndProject
Project("{2150E333-8FDC-42A3-9474-1A3956D46DE8}") = "Tenant", "Tenant", "{C6E08597-FAFA-433E-B087-7F0F2F27BEA4}"
EndProject
Project("{FAE04EC0-301F-11D3-BF4B-00C04F79EFBC}") = "BaseFaq.Common.EntityFramework.Tenant", "dotnet\BaseFaq.Common.EntityFramework.Tenant\BaseFaq.Common.EntityFramework.Tenant.csproj", "{195E2B0D-C019-4454-A1F8-A3388960F6A9}"
EndProject
Project("{2150E333-8FDC-42A3-9474-1A3956D46DE8}") = "Business", "Business", "{E89390E1-6CB3-41FE-A9F3-79EC7D3CCC48}"
EndProject
Project("{2150E333-8FDC-42A3-9474-1A3956D46DE8}") = "Api", "Api", "{C2244164-35B4-44F8-BE00-281DF3D46BDD}"
EndProject
Project("{FAE04EC0-301F-11D3-BF4B-00C04F79EFBC}") = "BaseFaq.Faq.Portal.Business.Faq", "dotnet\BaseFaq.Faq.Portal.Business.Faq\BaseFaq.Faq.Portal.Business.Faq.csproj", "{6BDE1BC3-5B51-43DA-A6AD-0830A57CC4A0}"
EndProject
Project("{FAE04EC0-301F-11D3-BF4B-00C04F79EFBC}") = "BaseFaq.Models.Tenant", "dotnet\BaseFaq.Models.Tenant\BaseFaq.Models.Tenant.csproj", "{42ADA3F8-6276-4356-8E33-C0E64CB5EBB8}"
EndProject
Project("{FAE04EC0-301F-11D3-BF4B-00C04F79EFBC}") = "BaseFaq.Models.User", "dotnet\BaseFaq.Models.User\BaseFaq.Models.User.csproj", "{E2E4C4C9-1FE9-4F0B-983C-86BDC03144FF}"
EndProject
Project("{FAE04EC0-301F-11D3-BF4B-00C04F79EFBC}") = "BaseFaq.Models.Common", "dotnet\BaseFaq.Models.Common\BaseFaq.Models.Common.csproj", "{275FDD23-7787-4DD9-A23B-9783ED4B2A5F}"
EndProject
Project("{2150E333-8FDC-42A3-9474-1A3956D46DE8}") = "MediatR", "MediatR", "{31965DDD-51C0-47D3-87F6-ECB37B4C9AE5}"
EndProject
Project("{FAE04EC0-301F-11D3-BF4B-00C04F79EFBC}") = "BaseFaq.Common.Infrastructure.MediatR", "dotnet\BaseFaq.Common.Infrastructure.MediatR\BaseFaq.Common.Infrastructure.MediatR.csproj", "{4838B690-1FD5-4435-A2D3-C679D42ACACC}"
EndProject
Project("{2150E333-8FDC-42A3-9474-1A3956D46DE8}") = "Portal", "Portal", "{CE802043-9F89-4D8C-AD58-6EFBCFE62A30}"
EndProject
Project("{FAE04EC0-301F-11D3-BF4B-00C04F79EFBC}") = "BaseFaq.Faq.Portal.Api", "dotnet\BaseFaq.Faq.Portal.Api\BaseFaq.Faq.Portal.Api.csproj", "{9ECE504D-86EC-4549-9A93-3A8B48E28D50}"
EndProject
Project("{2150E333-8FDC-42A3-9474-1A3956D46DE8}") = "ApiErrorHandling", "ApiErrorHandling", "{7F666E35-BE7F-4418-A106-5CA38D06F2A6}"
EndProject
Project("{FAE04EC0-301F-11D3-BF4B-00C04F79EFBC}") = "BaseFaq.Common.Infrastructure.ApiErrorHandling", "dotnet\BaseFaq.Common.Infrastructure.ApiErrorHandling\BaseFaq.Common.Infrastructure.ApiErrorHandling.csproj", "{65B44DE2-91C0-430C-BDB6-97FC6587D9DB}"
EndProject
Project("{2150E333-8FDC-42A3-9474-1A3956D46DE8}") = "Sentry", "Sentry", "{31D4CE56-2B35-44E0-9664-A25135BE5844}"
EndProject
Project("{FAE04EC0-301F-11D3-BF4B-00C04F79EFBC}") = "BaseFaq.Common.Infrastructure.Sentry", "dotnet\BaseFaq.Common.Infrastructure.Sentry\BaseFaq.Common.Infrastructure.Sentry.csproj", "{98BAD8E0-7B11-4830-B5B5-277284154D7C}"
EndProject
Project("{2150E333-8FDC-42A3-9474-1A3956D46DE8}") = "Tenant", "Tenant", "{110EEA56-646F-491F-A834-B87B474BBB6B}"
EndProject
Project("{2150E333-8FDC-42A3-9474-1A3956D46DE8}") = "BackOffice", "BackOffice", "{9AAF9198-586C-4986-B2A2-EA87A44302F8}"
EndProject
Project("{2150E333-8FDC-42A3-9474-1A3956D46DE8}") = "Api", "Api", "{05B7DC7A-69AE-444D-A5EE-84199DAA26DF}"
EndProject
Project("{2150E333-8FDC-42A3-9474-1A3956D46DE8}") = "Business", "Business", "{4600E701-4E95-4894-AAB7-AFFA8D04FC9F}"
EndProject
Project("{FAE04EC0-301F-11D3-BF4B-00C04F79EFBC}") = "BaseFaq.Tenant.BackOffice.Business.Tenant", "dotnet\BaseFaq.Tenant.BackOffice.Business.Tenant\BaseFaq.Tenant.BackOffice.Business.Tenant.csproj", "{E42ABBE9-E919-4DD1-BF8F-F38E2DECEBF8}"
EndProject
Project("{FAE04EC0-301F-11D3-BF4B-00C04F79EFBC}") = "BaseFaq.Tenant.BackOffice.Business.User", "dotnet\BaseFaq.Tenant.BackOffice.Business.User\BaseFaq.Tenant.BackOffice.Business.User.csproj", "{E9D1849A-B772-4276-9107-14052361E586}"
EndProject
Project("{2150E333-8FDC-42A3-9474-1A3956D46DE8}") = "Mvc", "Mvc", "{68FC6E65-C7A1-4FFC-8E1F-87720BBFC80D}"
EndProject
Project("{FAE04EC0-301F-11D3-BF4B-00C04F79EFBC}") = "BaseFaq.Common.Infrastructure.Mvc", "dotnet\BaseFaq.Common.Infrastructure.Mvc\BaseFaq.Common.Infrastructure.Mvc.csproj", "{AA1F2B69-8314-4334-9A06-D0C663765D76}"
EndProject
Project("{FAE04EC0-301F-11D3-BF4B-00C04F79EFBC}") = "BaseFaq.Tenant.BackOffice.Api", "dotnet\BaseFaq.Tenant.BackOffice.Api\BaseFaq.Tenant.BackOffice.Api.csproj", "{46EEAAB3-6935-4565-A7AE-06ACE3E52B0B}"
EndProject
Project("{FAE04EC0-301F-11D3-BF4B-00C04F79EFBC}") = "BaseFaq.Tools.Migration", "dotnet\BaseFaq.Tools.Migration\BaseFaq.Tools.Migration.csproj", "{46C7682E-F313-466B-9739-242E66A5FC32}"
EndProject
Project("{FAE04EC0-301F-11D3-BF4B-00C04F79EFBC}") = "BaseFaq.Faq.Portal.Business.FaqItem", "dotnet\BaseFaq.Faq.Portal.Business.FaqItem\BaseFaq.Faq.Portal.Business.FaqItem.csproj", "{A7FCE4A5-EA11-4B16-9F94-E6CB990FF201}"
EndProject
Project("{FAE04EC0-301F-11D3-BF4B-00C04F79EFBC}") = "BaseFaq.Faq.Portal.Business.Tag", "dotnet\BaseFaq.Faq.Portal.Business.Tag\BaseFaq.Faq.Portal.Business.Tag.csproj", "{73A82653-6341-4B75-BC6B-0CF261FB38B7}"
EndProject
Project("{FAE04EC0-301F-11D3-BF4B-00C04F79EFBC}") = "BaseFaq.Faq.Portal.Business.Vote", "dotnet\BaseFaq.Faq.Portal.Business.Vote\BaseFaq.Faq.Portal.Business.Vote.csproj", "{B3CF1B48-D76A-4E49-A7F7-3E4C8C8A6588}"
EndProject
Project("{FAE04EC0-301F-11D3-BF4B-00C04F79EFBC}") = "BaseFaq.Faq.Portal.Business.ContentRef", "dotnet\BaseFaq.Faq.Portal.Business.ContentRef\BaseFaq.Faq.Portal.Business.ContentRef.csproj", "{F13A4883-AC78-4989-9CF2-FFA299908A15}"
EndProject
Project("{2150E333-8FDC-42A3-9474-1A3956D46DE8}") = "Test", "Test", "{76C190F6-6B0F-4254-8484-A5C08EDA9EA6}"
EndProject
Project("{FAE04EC0-301F-11D3-BF4B-00C04F79EFBC}") = "BaseFaq.Faq.Portal.Test.IntegrationTests", "dotnet\BaseFaq.Faq.Portal.Test.IntegrationTests\BaseFaq.Faq.Portal.Test.IntegrationTests.csproj", "{B7036CF5-166B-4BD3-94EC-5197C7CD2262}"
EndProject
Project("{2150E333-8FDC-42A3-9474-1A3956D46DE8}") = "Test", "Test", "{218F0E0E-4124-48BF-96AC-B6C41B09A666}"
EndProject
Project("{FAE04EC0-301F-11D3-BF4B-00C04F79EFBC}") = "BaseFaq.Tenant.BackOffice.Test.IntegrationTests", "dotnet\BaseFaq.Tenant.BackOffice.Test.IntegrationTests\BaseFaq.Tenant.BackOffice.Test.IntegrationTests.csproj", "{0385B3A7-6D65-41B2-9795-39AE4033AA7F}"
EndProject
Project("{2150E333-8FDC-42A3-9474-1A3956D46DE8}") = "Common", "Common", "{279C49E4-209C-43D8-A2F5-B9B42D27676B}"
EndProject
Project("{2150E333-8FDC-42A3-9474-1A3956D46DE8}") = "Tools", "Tools", "{01B7FDA8-388B-47D9-9394-976D91A80566}"
EndProject
Project("{2150E333-8FDC-42A3-9474-1A3956D46DE8}") = "Public", "Public", "{11B37836-EAE2-4ABC-8740-21F537C08F53}"
EndProject
Project("{2150E333-8FDC-42A3-9474-1A3956D46DE8}") = "Api", "Api", "{D9F9F4FA-8E88-4EAC-9488-E1D8AEE4C84D}"
EndProject
Project("{2150E333-8FDC-42A3-9474-1A3956D46DE8}") = "Business", "Business", "{143419C0-0931-4472-A77B-FD45442D0F98}"
EndProject
Project("{2150E333-8FDC-42A3-9474-1A3956D46DE8}") = "Test", "Test", "{EE32ACCA-1A75-49E8-B12B-35BDA3F64FD3}"
EndProject
Project("{FAE04EC0-301F-11D3-BF4B-00C04F79EFBC}") = "BaseFaq.Faq.Public.Api", "dotnet\BaseFaq.Faq.Public.Api\BaseFaq.Faq.Public.Api.csproj", "{3A389FD7-652D-4A85-8B82-EDEB3B05AEAB}"
EndProject
Project("{FAE04EC0-301F-11D3-BF4B-00C04F79EFBC}") = "BaseFaq.Faq.Public.Business.Vote", "dotnet\BaseFaq.Faq.Public.Business.Vote\BaseFaq.Faq.Public.Business.Vote.csproj", "{E55EC03D-A63A-4AC1-BFB9-55DA628E1B1B}"
EndProject
Project("{FAE04EC0-301F-11D3-BF4B-00C04F79EFBC}") = "BaseFaq.Faq.Public.Business.FaqItem", "dotnet\BaseFaq.Faq.Public.Business.FaqItem\BaseFaq.Faq.Public.Business.FaqItem.csproj", "{F7A49855-432F-423A-A467-41707FF28DC1}"
EndProject
Project("{FAE04EC0-301F-11D3-BF4B-00C04F79EFBC}") = "BaseFaq.Faq.Public.Business.Faq", "dotnet\BaseFaq.Faq.Public.Business.Faq\BaseFaq.Faq.Public.Business.Faq.csproj", "{C83590D8-FB27-4B58-825B-C1869FF56F4E}"
EndProject
Project("{FAE04EC0-301F-11D3-BF4B-00C04F79EFBC}") = "BaseFaq.Faq.Public.Test.IntegrationTests", "dotnet\BaseFaq.Faq.Public.Test.IntegrationTests\BaseFaq.Faq.Public.Test.IntegrationTests.csproj", "{536F9A97-0131-437D-9D7A-84972AB99D45}"
EndProject
Project("{FAE04EC0-301F-11D3-BF4B-00C04F79EFBC}") = "BaseFaq.Tools.Seed", "dotnet\BaseFaq.Tools.Seed\BaseFaq.Tools.Seed.csproj", "{BAF23C73-6F8D-4971-9CCF-4089DB216C67}"
EndProject
Project("{2150E333-8FDC-42A3-9474-1A3956D46DE8}") = "Portal", "Portal", "{1B93BE64-1497-4994-BAAE-BCD1CF9D1F83}"
EndProject
Project("{2150E333-8FDC-42A3-9474-1A3956D46DE8}") = "Api", "Api", "{D3229F0A-FA36-413E-970A-9CEC3013E80A}"
EndProject
Project("{2150E333-8FDC-42A3-9474-1A3956D46DE8}") = "Business", "Business", "{39A1B0C7-95A8-4931-B828-C591BC96932F}"
EndProject
Project("{2150E333-8FDC-42A3-9474-1A3956D46DE8}") = "Test", "Test", "{CD537227-7E29-474B-B659-9CF5BB73D58E}"
EndProject
Project("{FAE04EC0-301F-11D3-BF4B-00C04F79EFBC}") = "BaseFaq.Tenant.Portal.Api", "dotnet\BaseFaq.Tenant.Portal.Api\BaseFaq.Tenant.Portal.Api.csproj", "{B7717CB1-E131-4527-A0E9-EDA4DD7562F8}"
EndProject
Project("{FAE04EC0-301F-11D3-BF4B-00C04F79EFBC}") = "BaseFaq.Tenant.Portal.Business.User", "dotnet\BaseFaq.Tenant.Portal.Business.User\BaseFaq.Tenant.Portal.Business.User.csproj", "{A10CC2BF-6E42-43A4-84F6-AFB93130131D}"
EndProject
Project("{FAE04EC0-301F-11D3-BF4B-00C04F79EFBC}") = "BaseFaq.Tenant.Portal.Test.IntegrationTests", "dotnet\BaseFaq.Tenant.Portal.Test.IntegrationTests\BaseFaq.Tenant.Portal.Test.IntegrationTests.csproj", "{720FBEAF-0EFF-401A-AE1E-590FEF26DF65}"
EndProject
Project("{FAE04EC0-301F-11D3-BF4B-00C04F79EFBC}") = "BaseFaq.Tenant.Portal.Business.Tenant", "dotnet\BaseFaq.Tenant.Portal.Business.Tenant\BaseFaq.Tenant.Portal.Business.Tenant.csproj", "{86C7579A-B246-4360-8D1B-5BB32C5BDD05}"
EndProject
Project("{2150E333-8FDC-42A3-9474-1A3956D46DE8}") = "MassTransit", "MassTransit", "{3858D368-0D3D-48BF-BCD8-091F43080468}"
EndProject
Project("{FAE04EC0-301F-11D3-BF4B-00C04F79EFBC}") = "BaseFaq.Common.Infrastructure.MassTransit", "dotnet\BaseFaq.Common.Infrastructure.MassTransit\BaseFaq.Common.Infrastructure.MassTransit.csproj", "{02389192-AF05-4E21-8C62-9ACA0A7F5630}"
EndProject
Project("{2150E333-8FDC-42A3-9474-1A3956D46DE8}") = "Ai", "Ai", "{9389F63D-166E-4748-8392-38FDC31104A3}"
EndProject
Project("{2150E333-8FDC-42A3-9474-1A3956D46DE8}") = "Persistence", "Persistence", "{4F2A9F2E-0168-43F8-8CAF-0DA9B4EEB84D}"
EndProject
Project("{FAE04EC0-301F-11D3-BF4B-00C04F79EFBC}") = "BaseFaq.AI.Persistence.AiDb", "dotnet\BaseFaq.AI.Persistence.AiDb\BaseFaq.AI.Persistence.AiDb.csproj", "{79360591-278F-4A8A-98AD-020A63310115}"
EndProject
Project("{FAE04EC0-301F-11D3-BF4B-00C04F79EFBC}") = "BaseFaq.Models.Ai", "dotnet\BaseFaq.Models.Ai\BaseFaq.Models.Ai.csproj", "{2E6B79DE-8A40-400A-A810-C507B2C55559}"
EndProject
Project("{FAE04EC0-301F-11D3-BF4B-00C04F79EFBC}") = "BaseFaq.Common.Infrasctructure.Telemetry", "dotnet\BaseFaq.Common.Infrasctructure.Telemetry\BaseFaq.Common.Infrasctructure.Telemetry.csproj", "{7DA1881C-5DFB-4E53-9132-E63D92BF2A61}"
EndProject
Project("{2150E333-8FDC-42A3-9474-1A3956D46DE8}") = "Telemetry", "Telemetry", "{2DCC6BC4-C2EC-41CF-A0AC-AADC4580DAB5}"
EndProject
Project("{FAE04EC0-301F-11D3-BF4B-00C04F79EFBC}") = "BaseFaq.Tenant.Portal.Business.AiProvider", "dotnet\BaseFaq.Tenant.Portal.Business.AiProvider\BaseFaq.Tenant.Portal.Business.AiProvider.csproj", "{4077BCF4-6DB9-4B10-BD8E-07C3D2EDB66C}"
EndProject
Project("{FAE04EC0-301F-11D3-BF4B-00C04F79EFBC}") = "BaseFaq.Tenant.BackOffice.Business.AiProvider", "dotnet\BaseFaq.Tenant.BackOffice.Business.AiProvider\BaseFaq.Tenant.BackOffice.Business.AiProvider.csproj", "{3D3414A7-EE68-4B9E-BADD-75A41FE3671F}"
EndProject
Project("{FAE04EC0-301F-11D3-BF4B-00C04F79EFBC}") = "BaseFaq.Common.Architecture.Test.IntegrationTest", "dotnet\BaseFaq.Common.Architecture.Test.IntegrationTest\BaseFaq.Common.Architecture.Test.IntegrationTest.csproj", "{EFBD3A39-5884-4771-AD31-220FFA3889DD}"
EndProject
Project("{2150E333-8FDC-42A3-9474-1A3956D46DE8}") = "Test", "Test", "{3838A24C-6AA1-4149-B689-5D33B0D745FF}"
EndProject
Project("{2150E333-8FDC-42A3-9474-1A3956D46DE8}") = "IntegrationTest", "IntegrationTest", "{BC41B5AF-3D0E-4736-BBB3-47929AFF27CE}"
EndProject
Project("{2150E333-8FDC-42A3-9474-1A3956D46DE8}") = "Api", "Api", "{16CBD563-4E36-4AB4-8A68-FEF2CF7486F2}"
EndProject
Project("{2150E333-8FDC-42A3-9474-1A3956D46DE8}") = "Business", "Business", "{740CFF7F-5F23-4B02-B7A3-094719C2DFDC}"
EndProject
Project("{2150E333-8FDC-42A3-9474-1A3956D46DE8}") = "Test", "Test", "{EDF024E6-83E7-472E-AB56-2C42B9F9167D}"
EndProject
Project("{FAE04EC0-301F-11D3-BF4B-00C04F79EFBC}") = "BaseFaq.AI.Api", "dotnet\BaseFaq.AI.Api\BaseFaq.AI.Api.csproj", "{D282865B-B5E8-4F70-9312-B62DCAE08C7E}"
EndProject
Project("{FAE04EC0-301F-11D3-BF4B-00C04F79EFBC}") = "BaseFaq.AI.Business.Generation", "dotnet\BaseFaq.AI.Business.Generation\BaseFaq.AI.Business.Generation.csproj", "{AD639E37-5477-49DD-A512-1514634B8EA7}"
EndProject
Project("{FAE04EC0-301F-11D3-BF4B-00C04F79EFBC}") = "BaseFaq.AI.Business.Matching", "dotnet\BaseFaq.AI.Business.Matching\BaseFaq.AI.Business.Matching.csproj", "{B67493EF-9238-4426-8512-AFC099B7910E}"
EndProject
Project("{FAE04EC0-301F-11D3-BF4B-00C04F79EFBC}") = "BaseFaq.AI.Test.IntegrationTest", "dotnet\BaseFaq.AI.Test.IntegrationTest\BaseFaq.AI.Test.IntegrationTest.csproj", "{D41626DF-6F79-4B2C-805B-4A8B55EF8ABF}"
EndProject
Global
	GlobalSection(SolutionConfigurationPlatforms) = preSolution
		Debug|Any CPU = Debug|Any CPU
		Release|Any CPU = Release|Any CPU
	EndGlobalSection
	GlobalSection(ProjectConfigurationPlatforms) = postSolution
		{02B192E6-26BF-4FAA-888B-B3ADBDD32E19}.Debug|Any CPU.ActiveCfg = Debug|Any CPU
		{02B192E6-26BF-4FAA-888B-B3ADBDD32E19}.Debug|Any CPU.Build.0 = Debug|Any CPU
		{02B192E6-26BF-4FAA-888B-B3ADBDD32E19}.Release|Any CPU.ActiveCfg = Release|Any CPU
		{02B192E6-26BF-4FAA-888B-B3ADBDD32E19}.Release|Any CPU.Build.0 = Release|Any CPU
		{CB1F3C67-F617-424C-8A6C-76C82CC6BB8A}.Debug|Any CPU.ActiveCfg = Debug|Any CPU
		{CB1F3C67-F617-424C-8A6C-76C82CC6BB8A}.Debug|Any CPU.Build.0 = Debug|Any CPU
		{CB1F3C67-F617-424C-8A6C-76C82CC6BB8A}.Release|Any CPU.ActiveCfg = Release|Any CPU
		{CB1F3C67-F617-424C-8A6C-76C82CC6BB8A}.Release|Any CPU.Build.0 = Release|Any CPU
		{FA34DCEC-30D1-4136-B323-7409B58BE78D}.Debug|Any CPU.ActiveCfg = Debug|Any CPU
		{FA34DCEC-30D1-4136-B323-7409B58BE78D}.Debug|Any CPU.Build.0 = Debug|Any CPU
		{FA34DCEC-30D1-4136-B323-7409B58BE78D}.Release|Any CPU.ActiveCfg = Release|Any CPU
		{FA34DCEC-30D1-4136-B323-7409B58BE78D}.Release|Any CPU.Build.0 = Release|Any CPU
		{22C56158-F5BC-4B3D-9F96-A8A9F356E333}.Debug|Any CPU.ActiveCfg = Debug|Any CPU
		{22C56158-F5BC-4B3D-9F96-A8A9F356E333}.Debug|Any CPU.Build.0 = Debug|Any CPU
		{22C56158-F5BC-4B3D-9F96-A8A9F356E333}.Release|Any CPU.ActiveCfg = Release|Any CPU
		{22C56158-F5BC-4B3D-9F96-A8A9F356E333}.Release|Any CPU.Build.0 = Release|Any CPU
		{C6947616-4BC9-4405-9044-BA959C52B978}.Debug|Any CPU.ActiveCfg = Debug|Any CPU
		{C6947616-4BC9-4405-9044-BA959C52B978}.Debug|Any CPU.Build.0 = Debug|Any CPU
		{C6947616-4BC9-4405-9044-BA959C52B978}.Release|Any CPU.ActiveCfg = Release|Any CPU
		{C6947616-4BC9-4405-9044-BA959C52B978}.Release|Any CPU.Build.0 = Release|Any CPU
		{195E2B0D-C019-4454-A1F8-A3388960F6A9}.Debug|Any CPU.ActiveCfg = Debug|Any CPU
		{195E2B0D-C019-4454-A1F8-A3388960F6A9}.Debug|Any CPU.Build.0 = Debug|Any CPU
		{195E2B0D-C019-4454-A1F8-A3388960F6A9}.Release|Any CPU.ActiveCfg = Release|Any CPU
		{195E2B0D-C019-4454-A1F8-A3388960F6A9}.Release|Any CPU.Build.0 = Release|Any CPU
		{6BDE1BC3-5B51-43DA-A6AD-0830A57CC4A0}.Debug|Any CPU.ActiveCfg = Debug|Any CPU
		{6BDE1BC3-5B51-43DA-A6AD-0830A57CC4A0}.Debug|Any CPU.Build.0 = Debug|Any CPU
		{6BDE1BC3-5B51-43DA-A6AD-0830A57CC4A0}.Release|Any CPU.ActiveCfg = Release|Any CPU
		{6BDE1BC3-5B51-43DA-A6AD-0830A57CC4A0}.Release|Any CPU.Build.0 = Release|Any CPU
		{42ADA3F8-6276-4356-8E33-C0E64CB5EBB8}.Debug|Any CPU.ActiveCfg = Debug|Any CPU
		{42ADA3F8-6276-4356-8E33-C0E64CB5EBB8}.Debug|Any CPU.Build.0 = Debug|Any CPU
		{42ADA3F8-6276-4356-8E33-C0E64CB5EBB8}.Release|Any CPU.ActiveCfg = Release|Any CPU
		{42ADA3F8-6276-4356-8E33-C0E64CB5EBB8}.Release|Any CPU.Build.0 = Release|Any CPU
		{E2E4C4C9-1FE9-4F0B-983C-86BDC03144FF}.Debug|Any CPU.ActiveCfg = Debug|Any CPU
		{E2E4C4C9-1FE9-4F0B-983C-86BDC03144FF}.Debug|Any CPU.Build.0 = Debug|Any CPU
		{E2E4C4C9-1FE9-4F0B-983C-86BDC03144FF}.Release|Any CPU.ActiveCfg = Release|Any CPU
		{E2E4C4C9-1FE9-4F0B-983C-86BDC03144FF}.Release|Any CPU.Build.0 = Release|Any CPU
		{275FDD23-7787-4DD9-A23B-9783ED4B2A5F}.Debug|Any CPU.ActiveCfg = Debug|Any CPU
		{275FDD23-7787-4DD9-A23B-9783ED4B2A5F}.Debug|Any CPU.Build.0 = Debug|Any CPU
		{275FDD23-7787-4DD9-A23B-9783ED4B2A5F}.Release|Any CPU.ActiveCfg = Release|Any CPU
		{275FDD23-7787-4DD9-A23B-9783ED4B2A5F}.Release|Any CPU.Build.0 = Release|Any CPU
		{4838B690-1FD5-4435-A2D3-C679D42ACACC}.Debug|Any CPU.ActiveCfg = Debug|Any CPU
		{4838B690-1FD5-4435-A2D3-C679D42ACACC}.Debug|Any CPU.Build.0 = Debug|Any CPU
		{4838B690-1FD5-4435-A2D3-C679D42ACACC}.Release|Any CPU.ActiveCfg = Release|Any CPU
		{4838B690-1FD5-4435-A2D3-C679D42ACACC}.Release|Any CPU.Build.0 = Release|Any CPU
		{9ECE504D-86EC-4549-9A93-3A8B48E28D50}.Debug|Any CPU.ActiveCfg = Debug|Any CPU
		{9ECE504D-86EC-4549-9A93-3A8B48E28D50}.Debug|Any CPU.Build.0 = Debug|Any CPU
		{9ECE504D-86EC-4549-9A93-3A8B48E28D50}.Release|Any CPU.ActiveCfg = Release|Any CPU
		{9ECE504D-86EC-4549-9A93-3A8B48E28D50}.Release|Any CPU.Build.0 = Release|Any CPU
		{65B44DE2-91C0-430C-BDB6-97FC6587D9DB}.Debug|Any CPU.ActiveCfg = Debug|Any CPU
		{65B44DE2-91C0-430C-BDB6-97FC6587D9DB}.Debug|Any CPU.Build.0 = Debug|Any CPU
		{65B44DE2-91C0-430C-BDB6-97FC6587D9DB}.Release|Any CPU.ActiveCfg = Release|Any CPU
		{65B44DE2-91C0-430C-BDB6-97FC6587D9DB}.Release|Any CPU.Build.0 = Release|Any CPU
		{98BAD8E0-7B11-4830-B5B5-277284154D7C}.Debug|Any CPU.ActiveCfg = Debug|Any CPU
		{98BAD8E0-7B11-4830-B5B5-277284154D7C}.Debug|Any CPU.Build.0 = Debug|Any CPU
		{98BAD8E0-7B11-4830-B5B5-277284154D7C}.Release|Any CPU.ActiveCfg = Release|Any CPU
		{98BAD8E0-7B11-4830-B5B5-277284154D7C}.Release|Any CPU.Build.0 = Release|Any CPU
		{E42ABBE9-E919-4DD1-BF8F-F38E2DECEBF8}.Debug|Any CPU.ActiveCfg = Debug|Any CPU
		{E42ABBE9-E919-4DD1-BF8F-F38E2DECEBF8}.Debug|Any CPU.Build.0 = Debug|Any CPU
		{E42ABBE9-E919-4DD1-BF8F-F38E2DECEBF8}.Release|Any CPU.ActiveCfg = Release|Any CPU
		{E42ABBE9-E919-4DD1-BF8F-F38E2DECEBF8}.Release|Any CPU.Build.0 = Release|Any CPU
		{E9D1849A-B772-4276-9107-14052361E586}.Debug|Any CPU.ActiveCfg = Debug|Any CPU
		{E9D1849A-B772-4276-9107-14052361E586}.Debug|Any CPU.Build.0 = Debug|Any CPU
		{E9D1849A-B772-4276-9107-14052361E586}.Release|Any CPU.ActiveCfg = Release|Any CPU
		{E9D1849A-B772-4276-9107-14052361E586}.Release|Any CPU.Build.0 = Release|Any CPU
		{AA1F2B69-8314-4334-9A06-D0C663765D76}.Debug|Any CPU.ActiveCfg = Debug|Any CPU
		{AA1F2B69-8314-4334-9A06-D0C663765D76}.Debug|Any CPU.Build.0 = Debug|Any CPU
		{AA1F2B69-8314-4334-9A06-D0C663765D76}.Release|Any CPU.ActiveCfg = Release|Any CPU
		{AA1F2B69-8314-4334-9A06-D0C663765D76}.Release|Any CPU.Build.0 = Release|Any CPU
		{46EEAAB3-6935-4565-A7AE-06ACE3E52B0B}.Debug|Any CPU.ActiveCfg = Debug|Any CPU
		{46EEAAB3-6935-4565-A7AE-06ACE3E52B0B}.Debug|Any CPU.Build.0 = Debug|Any CPU
		{46EEAAB3-6935-4565-A7AE-06ACE3E52B0B}.Release|Any CPU.ActiveCfg = Release|Any CPU
		{46EEAAB3-6935-4565-A7AE-06ACE3E52B0B}.Release|Any CPU.Build.0 = Release|Any CPU
		{46C7682E-F313-466B-9739-242E66A5FC32}.Debug|Any CPU.ActiveCfg = Debug|Any CPU
		{46C7682E-F313-466B-9739-242E66A5FC32}.Debug|Any CPU.Build.0 = Debug|Any CPU
		{46C7682E-F313-466B-9739-242E66A5FC32}.Release|Any CPU.ActiveCfg = Release|Any CPU
		{46C7682E-F313-466B-9739-242E66A5FC32}.Release|Any CPU.Build.0 = Release|Any CPU
		{A7FCE4A5-EA11-4B16-9F94-E6CB990FF201}.Debug|Any CPU.ActiveCfg = Debug|Any CPU
		{A7FCE4A5-EA11-4B16-9F94-E6CB990FF201}.Debug|Any CPU.Build.0 = Debug|Any CPU
		{A7FCE4A5-EA11-4B16-9F94-E6CB990FF201}.Release|Any CPU.ActiveCfg = Release|Any CPU
		{A7FCE4A5-EA11-4B16-9F94-E6CB990FF201}.Release|Any CPU.Build.0 = Release|Any CPU
		{73A82653-6341-4B75-BC6B-0CF261FB38B7}.Debug|Any CPU.ActiveCfg = Debug|Any CPU
		{73A82653-6341-4B75-BC6B-0CF261FB38B7}.Debug|Any CPU.Build.0 = Debug|Any CPU
		{73A82653-6341-4B75-BC6B-0CF261FB38B7}.Release|Any CPU.ActiveCfg = Release|Any CPU
		{73A82653-6341-4B75-BC6B-0CF261FB38B7}.Release|Any CPU.Build.0 = Release|Any CPU
		{B3CF1B48-D76A-4E49-A7F7-3E4C8C8A6588}.Debug|Any CPU.ActiveCfg = Debug|Any CPU
		{B3CF1B48-D76A-4E49-A7F7-3E4C8C8A6588}.Debug|Any CPU.Build.0 = Debug|Any CPU
		{B3CF1B48-D76A-4E49-A7F7-3E4C8C8A6588}.Release|Any CPU.ActiveCfg = Release|Any CPU
		{B3CF1B48-D76A-4E49-A7F7-3E4C8C8A6588}.Release|Any CPU.Build.0 = Release|Any CPU
		{F13A4883-AC78-4989-9CF2-FFA299908A15}.Debug|Any CPU.ActiveCfg = Debug|Any CPU
		{F13A4883-AC78-4989-9CF2-FFA299908A15}.Debug|Any CPU.Build.0 = Debug|Any CPU
		{F13A4883-AC78-4989-9CF2-FFA299908A15}.Release|Any CPU.ActiveCfg = Release|Any CPU
		{F13A4883-AC78-4989-9CF2-FFA299908A15}.Release|Any CPU.Build.0 = Release|Any CPU
		{B7036CF5-166B-4BD3-94EC-5197C7CD2262}.Debug|Any CPU.ActiveCfg = Debug|Any CPU
		{B7036CF5-166B-4BD3-94EC-5197C7CD2262}.Debug|Any CPU.Build.0 = Debug|Any CPU
		{B7036CF5-166B-4BD3-94EC-5197C7CD2262}.Release|Any CPU.ActiveCfg = Release|Any CPU
		{B7036CF5-166B-4BD3-94EC-5197C7CD2262}.Release|Any CPU.Build.0 = Release|Any CPU
		{0385B3A7-6D65-41B2-9795-39AE4033AA7F}.Debug|Any CPU.ActiveCfg = Debug|Any CPU
		{0385B3A7-6D65-41B2-9795-39AE4033AA7F}.Debug|Any CPU.Build.0 = Debug|Any CPU
		{0385B3A7-6D65-41B2-9795-39AE4033AA7F}.Release|Any CPU.ActiveCfg = Release|Any CPU
		{0385B3A7-6D65-41B2-9795-39AE4033AA7F}.Release|Any CPU.Build.0 = Release|Any CPU
		{3A389FD7-652D-4A85-8B82-EDEB3B05AEAB}.Debug|Any CPU.ActiveCfg = Debug|Any CPU
		{3A389FD7-652D-4A85-8B82-EDEB3B05AEAB}.Debug|Any CPU.Build.0 = Debug|Any CPU
		{3A389FD7-652D-4A85-8B82-EDEB3B05AEAB}.Release|Any CPU.ActiveCfg = Release|Any CPU
		{3A389FD7-652D-4A85-8B82-EDEB3B05AEAB}.Release|Any CPU.Build.0 = Release|Any CPU
		{E55EC03D-A63A-4AC1-BFB9-55DA628E1B1B}.Debug|Any CPU.ActiveCfg = Debug|Any CPU
		{E55EC03D-A63A-4AC1-BFB9-55DA628E1B1B}.Debug|Any CPU.Build.0 = Debug|Any CPU
		{E55EC03D-A63A-4AC1-BFB9-55DA628E1B1B}.Release|Any CPU.ActiveCfg = Release|Any CPU
		{E55EC03D-A63A-4AC1-BFB9-55DA628E1B1B}.Release|Any CPU.Build.0 = Release|Any CPU
		{F7A49855-432F-423A-A467-41707FF28DC1}.Debug|Any CPU.ActiveCfg = Debug|Any CPU
		{F7A49855-432F-423A-A467-41707FF28DC1}.Debug|Any CPU.Build.0 = Debug|Any CPU
		{F7A49855-432F-423A-A467-41707FF28DC1}.Release|Any CPU.ActiveCfg = Release|Any CPU
		{F7A49855-432F-423A-A467-41707FF28DC1}.Release|Any CPU.Build.0 = Release|Any CPU
		{C83590D8-FB27-4B58-825B-C1869FF56F4E}.Debug|Any CPU.ActiveCfg = Debug|Any CPU
		{C83590D8-FB27-4B58-825B-C1869FF56F4E}.Debug|Any CPU.Build.0 = Debug|Any CPU
		{C83590D8-FB27-4B58-825B-C1869FF56F4E}.Release|Any CPU.ActiveCfg = Release|Any CPU
		{C83590D8-FB27-4B58-825B-C1869FF56F4E}.Release|Any CPU.Build.0 = Release|Any CPU
		{536F9A97-0131-437D-9D7A-84972AB99D45}.Debug|Any CPU.ActiveCfg = Debug|Any CPU
		{536F9A97-0131-437D-9D7A-84972AB99D45}.Debug|Any CPU.Build.0 = Debug|Any CPU
		{536F9A97-0131-437D-9D7A-84972AB99D45}.Release|Any CPU.ActiveCfg = Release|Any CPU
		{536F9A97-0131-437D-9D7A-84972AB99D45}.Release|Any CPU.Build.0 = Release|Any CPU
		{BAF23C73-6F8D-4971-9CCF-4089DB216C67}.Debug|Any CPU.ActiveCfg = Debug|Any CPU
		{BAF23C73-6F8D-4971-9CCF-4089DB216C67}.Debug|Any CPU.Build.0 = Debug|Any CPU
		{BAF23C73-6F8D-4971-9CCF-4089DB216C67}.Release|Any CPU.ActiveCfg = Release|Any CPU
		{BAF23C73-6F8D-4971-9CCF-4089DB216C67}.Release|Any CPU.Build.0 = Release|Any CPU
		{B7717CB1-E131-4527-A0E9-EDA4DD7562F8}.Debug|Any CPU.ActiveCfg = Debug|Any CPU
		{B7717CB1-E131-4527-A0E9-EDA4DD7562F8}.Debug|Any CPU.Build.0 = Debug|Any CPU
		{B7717CB1-E131-4527-A0E9-EDA4DD7562F8}.Release|Any CPU.ActiveCfg = Release|Any CPU
		{B7717CB1-E131-4527-A0E9-EDA4DD7562F8}.Release|Any CPU.Build.0 = Release|Any CPU
		{A10CC2BF-6E42-43A4-84F6-AFB93130131D}.Debug|Any CPU.ActiveCfg = Debug|Any CPU
		{A10CC2BF-6E42-43A4-84F6-AFB93130131D}.Debug|Any CPU.Build.0 = Debug|Any CPU
		{A10CC2BF-6E42-43A4-84F6-AFB93130131D}.Release|Any CPU.ActiveCfg = Release|Any CPU
		{A10CC2BF-6E42-43A4-84F6-AFB93130131D}.Release|Any CPU.Build.0 = Release|Any CPU
		{720FBEAF-0EFF-401A-AE1E-590FEF26DF65}.Debug|Any CPU.ActiveCfg = Debug|Any CPU
		{720FBEAF-0EFF-401A-AE1E-590FEF26DF65}.Debug|Any CPU.Build.0 = Debug|Any CPU
		{720FBEAF-0EFF-401A-AE1E-590FEF26DF65}.Release|Any CPU.ActiveCfg = Release|Any CPU
		{720FBEAF-0EFF-401A-AE1E-590FEF26DF65}.Release|Any CPU.Build.0 = Release|Any CPU
		{86C7579A-B246-4360-8D1B-5BB32C5BDD05}.Debug|Any CPU.ActiveCfg = Debug|Any CPU
		{86C7579A-B246-4360-8D1B-5BB32C5BDD05}.Debug|Any CPU.Build.0 = Debug|Any CPU
		{86C7579A-B246-4360-8D1B-5BB32C5BDD05}.Release|Any CPU.ActiveCfg = Release|Any CPU
		{86C7579A-B246-4360-8D1B-5BB32C5BDD05}.Release|Any CPU.Build.0 = Release|Any CPU
		{02389192-AF05-4E21-8C62-9ACA0A7F5630}.Debug|Any CPU.ActiveCfg = Debug|Any CPU
		{02389192-AF05-4E21-8C62-9ACA0A7F5630}.Debug|Any CPU.Build.0 = Debug|Any CPU
		{02389192-AF05-4E21-8C62-9ACA0A7F5630}.Release|Any CPU.ActiveCfg = Release|Any CPU
		{02389192-AF05-4E21-8C62-9ACA0A7F5630}.Release|Any CPU.Build.0 = Release|Any CPU
		{79360591-278F-4A8A-98AD-020A63310115}.Debug|Any CPU.ActiveCfg = Debug|Any CPU
		{79360591-278F-4A8A-98AD-020A63310115}.Debug|Any CPU.Build.0 = Debug|Any CPU
		{79360591-278F-4A8A-98AD-020A63310115}.Release|Any CPU.ActiveCfg = Release|Any CPU
		{79360591-278F-4A8A-98AD-020A63310115}.Release|Any CPU.Build.0 = Release|Any CPU
		{2E6B79DE-8A40-400A-A810-C507B2C55559}.Debug|Any CPU.ActiveCfg = Debug|Any CPU
		{2E6B79DE-8A40-400A-A810-C507B2C55559}.Debug|Any CPU.Build.0 = Debug|Any CPU
		{2E6B79DE-8A40-400A-A810-C507B2C55559}.Release|Any CPU.ActiveCfg = Release|Any CPU
		{2E6B79DE-8A40-400A-A810-C507B2C55559}.Release|Any CPU.Build.0 = Release|Any CPU
		{7DA1881C-5DFB-4E53-9132-E63D92BF2A61}.Debug|Any CPU.ActiveCfg = Debug|Any CPU
		{7DA1881C-5DFB-4E53-9132-E63D92BF2A61}.Debug|Any CPU.Build.0 = Debug|Any CPU
		{7DA1881C-5DFB-4E53-9132-E63D92BF2A61}.Release|Any CPU.ActiveCfg = Release|Any CPU
		{7DA1881C-5DFB-4E53-9132-E63D92BF2A61}.Release|Any CPU.Build.0 = Release|Any CPU
		{4077BCF4-6DB9-4B10-BD8E-07C3D2EDB66C}.Debug|Any CPU.ActiveCfg = Debug|Any CPU
		{4077BCF4-6DB9-4B10-BD8E-07C3D2EDB66C}.Debug|Any CPU.Build.0 = Debug|Any CPU
		{4077BCF4-6DB9-4B10-BD8E-07C3D2EDB66C}.Release|Any CPU.ActiveCfg = Release|Any CPU
		{4077BCF4-6DB9-4B10-BD8E-07C3D2EDB66C}.Release|Any CPU.Build.0 = Release|Any CPU
		{3D3414A7-EE68-4B9E-BADD-75A41FE3671F}.Debug|Any CPU.ActiveCfg = Debug|Any CPU
		{3D3414A7-EE68-4B9E-BADD-75A41FE3671F}.Debug|Any CPU.Build.0 = Debug|Any CPU
		{3D3414A7-EE68-4B9E-BADD-75A41FE3671F}.Release|Any CPU.ActiveCfg = Release|Any CPU
		{3D3414A7-EE68-4B9E-BADD-75A41FE3671F}.Release|Any CPU.Build.0 = Release|Any CPU
		{EFBD3A39-5884-4771-AD31-220FFA3889DD}.Debug|Any CPU.ActiveCfg = Debug|Any CPU
		{EFBD3A39-5884-4771-AD31-220FFA3889DD}.Debug|Any CPU.Build.0 = Debug|Any CPU
		{EFBD3A39-5884-4771-AD31-220FFA3889DD}.Release|Any CPU.ActiveCfg = Release|Any CPU
		{EFBD3A39-5884-4771-AD31-220FFA3889DD}.Release|Any CPU.Build.0 = Release|Any CPU
		{D282865B-B5E8-4F70-9312-B62DCAE08C7E}.Debug|Any CPU.ActiveCfg = Debug|Any CPU
		{D282865B-B5E8-4F70-9312-B62DCAE08C7E}.Debug|Any CPU.Build.0 = Debug|Any CPU
		{D282865B-B5E8-4F70-9312-B62DCAE08C7E}.Release|Any CPU.ActiveCfg = Release|Any CPU
		{D282865B-B5E8-4F70-9312-B62DCAE08C7E}.Release|Any CPU.Build.0 = Release|Any CPU
		{AD639E37-5477-49DD-A512-1514634B8EA7}.Debug|Any CPU.ActiveCfg = Debug|Any CPU
		{AD639E37-5477-49DD-A512-1514634B8EA7}.Debug|Any CPU.Build.0 = Debug|Any CPU
		{AD639E37-5477-49DD-A512-1514634B8EA7}.Release|Any CPU.ActiveCfg = Release|Any CPU
		{AD639E37-5477-49DD-A512-1514634B8EA7}.Release|Any CPU.Build.0 = Release|Any CPU
		{B67493EF-9238-4426-8512-AFC099B7910E}.Debug|Any CPU.ActiveCfg = Debug|Any CPU
		{B67493EF-9238-4426-8512-AFC099B7910E}.Debug|Any CPU.Build.0 = Debug|Any CPU
		{B67493EF-9238-4426-8512-AFC099B7910E}.Release|Any CPU.ActiveCfg = Release|Any CPU
		{B67493EF-9238-4426-8512-AFC099B7910E}.Release|Any CPU.Build.0 = Release|Any CPU
		{D41626DF-6F79-4B2C-805B-4A8B55EF8ABF}.Debug|Any CPU.ActiveCfg = Debug|Any CPU
		{D41626DF-6F79-4B2C-805B-4A8B55EF8ABF}.Debug|Any CPU.Build.0 = Debug|Any CPU
		{D41626DF-6F79-4B2C-805B-4A8B55EF8ABF}.Release|Any CPU.ActiveCfg = Release|Any CPU
		{D41626DF-6F79-4B2C-805B-4A8B55EF8ABF}.Release|Any CPU.Build.0 = Release|Any CPU
	EndGlobalSection
	GlobalSection(SolutionProperties) = preSolution
		HideSolutionNode = FALSE
	EndGlobalSection
	GlobalSection(NestedProjects) = preSolution
		{02B192E6-26BF-4FAA-888B-B3ADBDD32E19} = {FA22D355-D849-47BD-8698-4A822738F45B}
		{FA22D355-D849-47BD-8698-4A822738F45B} = {279C49E4-209C-43D8-A2F5-B9B42D27676B}
		{CB1F3C67-F617-424C-8A6C-76C82CC6BB8A} = {CB8DB1C8-8F5C-474E-91A9-AF7BEAA0151F}
		{04A42ECF-5484-4839-9E18-CCAA7E75EFC7} = {0C61B2DC-6085-4E71-B9F6-99E535BEC747}
		{3A22B1BD-A3CB-4C89-A054-8251A4F3A1B1} = {04A42ECF-5484-4839-9E18-CCAA7E75EFC7}
		{FA34DCEC-30D1-4136-B323-7409B58BE78D} = {3A22B1BD-A3CB-4C89-A054-8251A4F3A1B1}
		{87130428-904D-44AB-82A8-9341EA677BAB} = {0C61B2DC-6085-4E71-B9F6-99E535BEC747}
		{7C3C13D7-83B8-4951-B483-A0B3CE1109F0} = {87130428-904D-44AB-82A8-9341EA677BAB}
		{22C56158-F5BC-4B3D-9F96-A8A9F356E333} = {7C3C13D7-83B8-4951-B483-A0B3CE1109F0}
		{4B3E4E23-38E5-460E-9399-10791DA56CFF} = {87130428-904D-44AB-82A8-9341EA677BAB}
		{C6947616-4BC9-4405-9044-BA959C52B978} = {4B3E4E23-38E5-460E-9399-10791DA56CFF}
		{C6E08597-FAFA-433E-B087-7F0F2F27BEA4} = {04A42ECF-5484-4839-9E18-CCAA7E75EFC7}
		{195E2B0D-C019-4454-A1F8-A3388960F6A9} = {C6E08597-FAFA-433E-B087-7F0F2F27BEA4}
		{E89390E1-6CB3-41FE-A9F3-79EC7D3CCC48} = {CE802043-9F89-4D8C-AD58-6EFBCFE62A30}
		{C2244164-35B4-44F8-BE00-281DF3D46BDD} = {CE802043-9F89-4D8C-AD58-6EFBCFE62A30}
		{6BDE1BC3-5B51-43DA-A6AD-0830A57CC4A0} = {E89390E1-6CB3-41FE-A9F3-79EC7D3CCC48}
		{42ADA3F8-6276-4356-8E33-C0E64CB5EBB8} = {CB8DB1C8-8F5C-474E-91A9-AF7BEAA0151F}
		{E2E4C4C9-1FE9-4F0B-983C-86BDC03144FF} = {CB8DB1C8-8F5C-474E-91A9-AF7BEAA0151F}
		{275FDD23-7787-4DD9-A23B-9783ED4B2A5F} = {CB8DB1C8-8F5C-474E-91A9-AF7BEAA0151F}
		{31965DDD-51C0-47D3-87F6-ECB37B4C9AE5} = {87130428-904D-44AB-82A8-9341EA677BAB}
		{4838B690-1FD5-4435-A2D3-C679D42ACACC} = {31965DDD-51C0-47D3-87F6-ECB37B4C9AE5}
		{CE802043-9F89-4D8C-AD58-6EFBCFE62A30} = {3CB44992-3CBF-4A43-9BAF-4EEA3BE6F769}
		{9ECE504D-86EC-4549-9A93-3A8B48E28D50} = {C2244164-35B4-44F8-BE00-281DF3D46BDD}
		{7F666E35-BE7F-4418-A106-5CA38D06F2A6} = {87130428-904D-44AB-82A8-9341EA677BAB}
		{65B44DE2-91C0-430C-BDB6-97FC6587D9DB} = {7F666E35-BE7F-4418-A106-5CA38D06F2A6}
		{31D4CE56-2B35-44E0-9664-A25135BE5844} = {87130428-904D-44AB-82A8-9341EA677BAB}
		{98BAD8E0-7B11-4830-B5B5-277284154D7C} = {31D4CE56-2B35-44E0-9664-A25135BE5844}
		{9AAF9198-586C-4986-B2A2-EA87A44302F8} = {110EEA56-646F-491F-A834-B87B474BBB6B}
		{05B7DC7A-69AE-444D-A5EE-84199DAA26DF} = {9AAF9198-586C-4986-B2A2-EA87A44302F8}
		{4600E701-4E95-4894-AAB7-AFFA8D04FC9F} = {9AAF9198-586C-4986-B2A2-EA87A44302F8}
		{E42ABBE9-E919-4DD1-BF8F-F38E2DECEBF8} = {4600E701-4E95-4894-AAB7-AFFA8D04FC9F}
		{E9D1849A-B772-4276-9107-14052361E586} = {4600E701-4E95-4894-AAB7-AFFA8D04FC9F}
		{68FC6E65-C7A1-4FFC-8E1F-87720BBFC80D} = {87130428-904D-44AB-82A8-9341EA677BAB}
		{AA1F2B69-8314-4334-9A06-D0C663765D76} = {68FC6E65-C7A1-4FFC-8E1F-87720BBFC80D}
		{46EEAAB3-6935-4565-A7AE-06ACE3E52B0B} = {05B7DC7A-69AE-444D-A5EE-84199DAA26DF}
		{46C7682E-F313-466B-9739-242E66A5FC32} = {01B7FDA8-388B-47D9-9394-976D91A80566}
		{A7FCE4A5-EA11-4B16-9F94-E6CB990FF201} = {E89390E1-6CB3-41FE-A9F3-79EC7D3CCC48}
		{73A82653-6341-4B75-BC6B-0CF261FB38B7} = {E89390E1-6CB3-41FE-A9F3-79EC7D3CCC48}
		{B3CF1B48-D76A-4E49-A7F7-3E4C8C8A6588} = {E89390E1-6CB3-41FE-A9F3-79EC7D3CCC48}
		{F13A4883-AC78-4989-9CF2-FFA299908A15} = {E89390E1-6CB3-41FE-A9F3-79EC7D3CCC48}
		{76C190F6-6B0F-4254-8484-A5C08EDA9EA6} = {CE802043-9F89-4D8C-AD58-6EFBCFE62A30}
		{B7036CF5-166B-4BD3-94EC-5197C7CD2262} = {76C190F6-6B0F-4254-8484-A5C08EDA9EA6}
		{218F0E0E-4124-48BF-96AC-B6C41B09A666} = {9AAF9198-586C-4986-B2A2-EA87A44302F8}
		{0385B3A7-6D65-41B2-9795-39AE4033AA7F} = {218F0E0E-4124-48BF-96AC-B6C41B09A666}
		{279C49E4-209C-43D8-A2F5-B9B42D27676B} = {3CB44992-3CBF-4A43-9BAF-4EEA3BE6F769}
		{11B37836-EAE2-4ABC-8740-21F537C08F53} = {3CB44992-3CBF-4A43-9BAF-4EEA3BE6F769}
		{D9F9F4FA-8E88-4EAC-9488-E1D8AEE4C84D} = {11B37836-EAE2-4ABC-8740-21F537C08F53}
		{143419C0-0931-4472-A77B-FD45442D0F98} = {11B37836-EAE2-4ABC-8740-21F537C08F53}
		{EE32ACCA-1A75-49E8-B12B-35BDA3F64FD3} = {11B37836-EAE2-4ABC-8740-21F537C08F53}
		{3A389FD7-652D-4A85-8B82-EDEB3B05AEAB} = {D9F9F4FA-8E88-4EAC-9488-E1D8AEE4C84D}
		{E55EC03D-A63A-4AC1-BFB9-55DA628E1B1B} = {143419C0-0931-4472-A77B-FD45442D0F98}
		{F7A49855-432F-423A-A467-41707FF28DC1} = {143419C0-0931-4472-A77B-FD45442D0F98}
		{C83590D8-FB27-4B58-825B-C1869FF56F4E} = {143419C0-0931-4472-A77B-FD45442D0F98}
		{536F9A97-0131-437D-9D7A-84972AB99D45} = {EE32ACCA-1A75-49E8-B12B-35BDA3F64FD3}
		{BAF23C73-6F8D-4971-9CCF-4089DB216C67} = {01B7FDA8-388B-47D9-9394-976D91A80566}
		{1B93BE64-1497-4994-BAAE-BCD1CF9D1F83} = {110EEA56-646F-491F-A834-B87B474BBB6B}
		{D3229F0A-FA36-413E-970A-9CEC3013E80A} = {1B93BE64-1497-4994-BAAE-BCD1CF9D1F83}
		{39A1B0C7-95A8-4931-B828-C591BC96932F} = {1B93BE64-1497-4994-BAAE-BCD1CF9D1F83}
		{CD537227-7E29-474B-B659-9CF5BB73D58E} = {1B93BE64-1497-4994-BAAE-BCD1CF9D1F83}
		{B7717CB1-E131-4527-A0E9-EDA4DD7562F8} = {D3229F0A-FA36-413E-970A-9CEC3013E80A}
		{A10CC2BF-6E42-43A4-84F6-AFB93130131D} = {39A1B0C7-95A8-4931-B828-C591BC96932F}
		{720FBEAF-0EFF-401A-AE1E-590FEF26DF65} = {CD537227-7E29-474B-B659-9CF5BB73D58E}
		{86C7579A-B246-4360-8D1B-5BB32C5BDD05} = {39A1B0C7-95A8-4931-B828-C591BC96932F}
		{3858D368-0D3D-48BF-BCD8-091F43080468} = {87130428-904D-44AB-82A8-9341EA677BAB}
		{02389192-AF05-4E21-8C62-9ACA0A7F5630} = {3858D368-0D3D-48BF-BCD8-091F43080468}
		{79360591-278F-4A8A-98AD-020A63310115} = {4F2A9F2E-0168-43F8-8CAF-0DA9B4EEB84D}
		{2E6B79DE-8A40-400A-A810-C507B2C55559} = {CB8DB1C8-8F5C-474E-91A9-AF7BEAA0151F}
		{7DA1881C-5DFB-4E53-9132-E63D92BF2A61} = {2DCC6BC4-C2EC-41CF-A0AC-AADC4580DAB5}
		{2DCC6BC4-C2EC-41CF-A0AC-AADC4580DAB5} = {87130428-904D-44AB-82A8-9341EA677BAB}
		{4077BCF4-6DB9-4B10-BD8E-07C3D2EDB66C} = {39A1B0C7-95A8-4931-B828-C591BC96932F}
		{3D3414A7-EE68-4B9E-BADD-75A41FE3671F} = {4600E701-4E95-4894-AAB7-AFFA8D04FC9F}
		{EFBD3A39-5884-4771-AD31-220FFA3889DD} = {BC41B5AF-3D0E-4736-BBB3-47929AFF27CE}
		{3838A24C-6AA1-4149-B689-5D33B0D745FF} = {87130428-904D-44AB-82A8-9341EA677BAB}
		{BC41B5AF-3D0E-4736-BBB3-47929AFF27CE} = {3838A24C-6AA1-4149-B689-5D33B0D745FF}
		{16CBD563-4E36-4AB4-8A68-FEF2CF7486F2} = {9389F63D-166E-4748-8392-38FDC31104A3}
		{740CFF7F-5F23-4B02-B7A3-094719C2DFDC} = {9389F63D-166E-4748-8392-38FDC31104A3}
		{EDF024E6-83E7-472E-AB56-2C42B9F9167D} = {9389F63D-166E-4748-8392-38FDC31104A3}
		{D282865B-B5E8-4F70-9312-B62DCAE08C7E} = {16CBD563-4E36-4AB4-8A68-FEF2CF7486F2}
		{AD639E37-5477-49DD-A512-1514634B8EA7} = {740CFF7F-5F23-4B02-B7A3-094719C2DFDC}
		{B67493EF-9238-4426-8512-AFC099B7910E} = {740CFF7F-5F23-4B02-B7A3-094719C2DFDC}
		{D41626DF-6F79-4B2C-805B-4A8B55EF8ABF} = {EDF024E6-83E7-472E-AB56-2C42B9F9167D}
		{4F2A9F2E-0168-43F8-8CAF-0DA9B4EEB84D} = {9389F63D-166E-4748-8392-38FDC31104A3}
	EndGlobalSection
EndGlobal
